
Microsoft Visual Studio Solution File, Format Version 12.00
Project("{FAE04EC0-301F-11D3-BF4B-00C04F79EFBC}") = "MedicalDocumentationManager.Database", "MedicalDocumentationManager.Database\MedicalDocumentationManager.Database.csproj", "{5D6E30EB-952B-4A4A-819B-7F8F46DC37C5}"
EndProject
Project("{FAE04EC0-301F-11D3-BF4B-00C04F79EFBC}") = "MedicalDocumentationManager.Domain", "MedicalDocumentationManager.Domain\MedicalDocumentationManager.Domain.csproj", "{992325ED-F762-46EF-A2C7-F8A446B55335}"
EndProject
Project("{FAE04EC0-301F-11D3-BF4B-00C04F79EFBC}") = "MedicalDocumentationManager.Domain.Tests", "MedicalDocumentationManager.Domain.Tests\MedicalDocumentationManager.Domain.Tests.csproj", "{F6413B56-5AEC-4CA7-8DC2-AB15E23AC481}"
EndProject
Project("{2150E333-8FDC-42A3-9474-1A3956D46DE8}") = "src", "src", "{91A124C7-ED48-4131-B9D1-4E28BFC06FC8}"
EndProject
Project("{2150E333-8FDC-42A3-9474-1A3956D46DE8}") = "tests", "tests", "{79CFCD11-780E-4699-BA4B-DAE972E1858B}"
EndProject
Project("{FAE04EC0-301F-11D3-BF4B-00C04F79EFBC}") = "MedicalDocumentationManager.Present", "MedicalDocumentationManager.Present\MedicalDocumentationManager.Present.csproj", "{9F7AF36E-B8CD-4DB3-A816-E448F7D3ED55}"
EndProject
Project("{FAE04EC0-301F-11D3-BF4B-00C04F79EFBC}") = "MedicalDocumentationManager.Application", "MedicalDocumentationManager.Application\MedicalDocumentationManager.Application.csproj", "{A8C05402-2B51-485E-97ED-D19C6DF7DA37}"
EndProject
Project("{FAE04EC0-301F-11D3-BF4B-00C04F79EFBC}") = "MedicalDocumentationManager.DTOs", "MedicalDocumentationManager.DTOs\MedicalDocumentationManager.DTOs.csproj", "{69CE9CE4-5040-4B01-B49A-3F3895615B07}"
EndProject
Project("{FAE04EC0-301F-11D3-BF4B-00C04F79EFBC}") = "MedicalDocumentationManager.Persistence", "MedicalDocumentationManager.Persistence\MedicalDocumentationManager.Persistence.csproj", "{4FD69A6D-0184-4D25-AB5E-C822A9831E0E}"
EndProject
Project("{FAE04EC0-301F-11D3-BF4B-00C04F79EFBC}") = "MedicalDocumentationManager.Database.Tests", "MedicalDocumentationManager.Database.Tests\MedicalDocumentationManager.Database.Tests.csproj", "{8A121F40-7446-41F6-95E6-E36D9115366B}"
EndProject
Global
	GlobalSection(SolutionConfigurationPlatforms) = preSolution
		Debug|Any CPU = Debug|Any CPU
		Release|Any CPU = Release|Any CPU
	EndGlobalSection
	GlobalSection(ProjectConfigurationPlatforms) = postSolution
		{5D6E30EB-952B-4A4A-819B-7F8F46DC37C5}.Debug|Any CPU.ActiveCfg = Debug|Any CPU
		{5D6E30EB-952B-4A4A-819B-7F8F46DC37C5}.Debug|Any CPU.Build.0 = Debug|Any CPU
		{5D6E30EB-952B-4A4A-819B-7F8F46DC37C5}.Release|Any CPU.ActiveCfg = Release|Any CPU
		{5D6E30EB-952B-4A4A-819B-7F8F46DC37C5}.Release|Any CPU.Build.0 = Release|Any CPU
		{992325ED-F762-46EF-A2C7-F8A446B55335}.Debug|Any CPU.ActiveCfg = Debug|Any CPU
		{992325ED-F762-46EF-A2C7-F8A446B55335}.Debug|Any CPU.Build.0 = Debug|Any CPU
		{992325ED-F762-46EF-A2C7-F8A446B55335}.Release|Any CPU.ActiveCfg = Release|Any CPU
		{992325ED-F762-46EF-A2C7-F8A446B55335}.Release|Any CPU.Build.0 = Release|Any CPU
		{F6413B56-5AEC-4CA7-8DC2-AB15E23AC481}.Debug|Any CPU.ActiveCfg = Debug|Any CPU
		{F6413B56-5AEC-4CA7-8DC2-AB15E23AC481}.Debug|Any CPU.Build.0 = Debug|Any CPU
		{F6413B56-5AEC-4CA7-8DC2-AB15E23AC481}.Release|Any CPU.ActiveCfg = Release|Any CPU
		{F6413B56-5AEC-4CA7-8DC2-AB15E23AC481}.Release|Any CPU.Build.0 = Release|Any CPU
		{9F7AF36E-B8CD-4DB3-A816-E448F7D3ED55}.Debug|Any CPU.ActiveCfg = Debug|Any CPU
		{9F7AF36E-B8CD-4DB3-A816-E448F7D3ED55}.Debug|Any CPU.Build.0 = Debug|Any CPU
		{9F7AF36E-B8CD-4DB3-A816-E448F7D3ED55}.Release|Any CPU.ActiveCfg = Release|Any CPU
		{9F7AF36E-B8CD-4DB3-A816-E448F7D3ED55}.Release|Any CPU.Build.0 = Release|Any CPU
		{A8C05402-2B51-485E-97ED-D19C6DF7DA37}.Debug|Any CPU.ActiveCfg = Debug|Any CPU
		{A8C05402-2B51-485E-97ED-D19C6DF7DA37}.Debug|Any CPU.Build.0 = Debug|Any CPU
		{A8C05402-2B51-485E-97ED-D19C6DF7DA37}.Release|Any CPU.ActiveCfg = Release|Any CPU
		{A8C05402-2B51-485E-97ED-D19C6DF7DA37}.Release|Any CPU.Build.0 = Release|Any CPU
		{69CE9CE4-5040-4B01-B49A-3F3895615B07}.Debug|Any CPU.ActiveCfg = Debug|Any CPU
		{69CE9CE4-5040-4B01-B49A-3F3895615B07}.Debug|Any CPU.Build.0 = Debug|Any CPU
		{69CE9CE4-5040-4B01-B49A-3F3895615B07}.Release|Any CPU.ActiveCfg = Release|Any CPU
		{69CE9CE4-5040-4B01-B49A-3F3895615B07}.Release|Any CPU.Build.0 = Release|Any CPU
		{4FD69A6D-0184-4D25-AB5E-C822A9831E0E}.Debug|Any CPU.ActiveCfg = Debug|Any CPU
		{4FD69A6D-0184-4D25-AB5E-C822A9831E0E}.Debug|Any CPU.Build.0 = Debug|Any CPU
		{4FD69A6D-0184-4D25-AB5E-C822A9831E0E}.Release|Any CPU.ActiveCfg = Release|Any CPU
		{4FD69A6D-0184-4D25-AB5E-C822A9831E0E}.Release|Any CPU.Build.0 = Release|Any CPU
		{8A121F40-7446-41F6-95E6-E36D9115366B}.Debug|Any CPU.ActiveCfg = Debug|Any CPU
		{8A121F40-7446-41F6-95E6-E36D9115366B}.Debug|Any CPU.Build.0 = Debug|Any CPU
		{8A121F40-7446-41F6-95E6-E36D9115366B}.Release|Any CPU.ActiveCfg = Release|Any CPU
		{8A121F40-7446-41F6-95E6-E36D9115366B}.Release|Any CPU.Build.0 = Release|Any CPU
	EndGlobalSection
	GlobalSection(NestedProjects) = preSolution
		{992325ED-F762-46EF-A2C7-F8A446B55335} = {91A124C7-ED48-4131-B9D1-4E28BFC06FC8}
		{5D6E30EB-952B-4A4A-819B-7F8F46DC37C5} = {91A124C7-ED48-4131-B9D1-4E28BFC06FC8}
		{F6413B56-5AEC-4CA7-8DC2-AB15E23AC481} = {79CFCD11-780E-4699-BA4B-DAE972E1858B}
		{9F7AF36E-B8CD-4DB3-A816-E448F7D3ED55} = {91A124C7-ED48-4131-B9D1-4E28BFC06FC8}
		{A8C05402-2B51-485E-97ED-D19C6DF7DA37} = {91A124C7-ED48-4131-B9D1-4E28BFC06FC8}
		{69CE9CE4-5040-4B01-B49A-3F3895615B07} = {91A124C7-ED48-4131-B9D1-4E28BFC06FC8}
		{4FD69A6D-0184-4D25-AB5E-C822A9831E0E} = {91A124C7-ED48-4131-B9D1-4E28BFC06FC8}
		{8A121F40-7446-41F6-95E6-E36D9115366B} = {79CFCD11-780E-4699-BA4B-DAE972E1858B}
	EndGlobalSection
EndGlobal
