
Microsoft Visual Studio Solution File, Format Version 12.00
Project("{FAE04EC0-301F-11D3-BF4B-00C04F79EFBC}") = "MedicalDocumentationManager", "MedicalDocumentationManager\MedicalDocumentationManager.csproj", "{5D6E30EB-952B-4A4A-819B-7F8F46DC37C5}"
EndProject
Project("{FAE04EC0-301F-11D3-BF4B-00C04F79EFBC}") = "MedicalDocumentationManager.Domain", "MedicalDocumentationManager.Domain\MedicalDocumentationManager.Domain.csproj", "{992325ED-F762-46EF-A2C7-F8A446B55335}"
EndProject
Project("{FAE04EC0-301F-11D3-BF4B-00C04F79EFBC}") = "MedicalDocumentationManager.Domain.Tests", "MedicalDocumentationManager.Domain.Tests\MedicalDocumentationManager.Domain.Tests.csproj", "{F6413B56-5AEC-4CA7-8DC2-AB15E23AC481}"
EndProject
Global
	GlobalSection(SolutionConfigurationPlatforms) = preSolution
		Debug|Any CPU = Debug|Any CPU
		Release|Any CPU = Release|Any CPU
	EndGlobalSection
	GlobalSection(ProjectConfigurationPlatforms) = postSolution
		{5D6E30EB-952B-4A4A-819B-7F8F46DC37C5}.Debug|Any CPU.ActiveCfg = Debug|Any CPU
		{5D6E30EB-952B-4A4A-819B-7F8F46DC37C5}.Debug|Any CPU.Build.0 = Debug|Any CPU
		{5D6E30EB-952B-4A4A-819B-7F8F46DC37C5}.Release|Any CPU.ActiveCfg = Release|Any CPU
		{5D6E30EB-952B-4A4A-819B-7F8F46DC37C5}.Release|Any CPU.Build.0 = Release|Any CPU
		{992325ED-F762-46EF-A2C7-F8A446B55335}.Debug|Any CPU.ActiveCfg = Debug|Any CPU
		{992325ED-F762-46EF-A2C7-F8A446B55335}.Debug|Any CPU.Build.0 = Debug|Any CPU
		{992325ED-F762-46EF-A2C7-F8A446B55335}.Release|Any CPU.ActiveCfg = Release|Any CPU
		{992325ED-F762-46EF-A2C7-F8A446B55335}.Release|Any CPU.Build.0 = Release|Any CPU
		{F6413B56-5AEC-4CA7-8DC2-AB15E23AC481}.Debug|Any CPU.ActiveCfg = Debug|Any CPU
		{F6413B56-5AEC-4CA7-8DC2-AB15E23AC481}.Debug|Any CPU.Build.0 = Debug|Any CPU
		{F6413B56-5AEC-4CA7-8DC2-AB15E23AC481}.Release|Any CPU.ActiveCfg = Release|Any CPU
		{F6413B56-5AEC-4CA7-8DC2-AB15E23AC481}.Release|Any CPU.Build.0 = Release|Any CPU
	EndGlobalSection
EndGlobal
